
Microsoft Visual Studio Solution File, Format Version 12.00
# Visual Studio 15
VisualStudioVersion = 15.0.28307.2017
MinimumVisualStudioVersion = 10.0.40219.1
Project("{FAE04EC0-301F-11D3-BF4B-00C04F79EFBC}") = "CursoCSharp", "CursoCSharp\CursoCSharp.csproj", "{D4349766-57AE-48EB-9578-52FCF3DCC63C}"
EndProject
Global
	GlobalSection(SolutionConfigurationPlatforms) = preSolution
		Debug|Any CPU = Debug|Any CPU
		Release|Any CPU = Release|Any CPU
	EndGlobalSection
	GlobalSection(ProjectConfigurationPlatforms) = postSolution
		{D4349766-57AE-48EB-9578-52FCF3DCC63C}.Debug|Any CPU.ActiveCfg = Debug|Any CPU
		{D4349766-57AE-48EB-9578-52FCF3DCC63C}.Debug|Any CPU.Build.0 = Debug|Any CPU
		{D4349766-57AE-48EB-9578-52FCF3DCC63C}.Release|Any CPU.ActiveCfg = Release|Any CPU
		{D4349766-57AE-48EB-9578-52FCF3DCC63C}.Release|Any CPU.Build.0 = Release|Any CPU
	EndGlobalSection
	GlobalSection(SolutionProperties) = preSolution
		HideSolutionNode = FALSE
	EndGlobalSection
	GlobalSection(ExtensibilityGlobals) = postSolution
		SolutionGuid = {506EC786-480F-4189-B64B-B7FA3F8EBD6F}
	EndGlobalSection
EndGlobal
